
Microsoft Visual Studio Solution File, Format Version 12.00
# Visual Studio Version 16
VisualStudioVersion = 16.0.29503.13
MinimumVisualStudioVersion = 10.0.40219.1
Project("{FAE04EC0-301F-11D3-BF4B-00C04F79EFBC}") = "Delegate Multicast", "Delegate Multicast.csproj", "{8F301432-E6B6-41CE-81CC-7441CA86D00A}"
EndProject
Global
	GlobalSection(SolutionConfigurationPlatforms) = preSolution
		Debug|Any CPU = Debug|Any CPU
		Release|Any CPU = Release|Any CPU
	EndGlobalSection
	GlobalSection(ProjectConfigurationPlatforms) = postSolution
		{8F301432-E6B6-41CE-81CC-7441CA86D00A}.Debug|Any CPU.ActiveCfg = Debug|Any CPU
		{8F301432-E6B6-41CE-81CC-7441CA86D00A}.Debug|Any CPU.Build.0 = Debug|Any CPU
		{8F301432-E6B6-41CE-81CC-7441CA86D00A}.Release|Any CPU.ActiveCfg = Release|Any CPU
		{8F301432-E6B6-41CE-81CC-7441CA86D00A}.Release|Any CPU.Build.0 = Release|Any CPU
	EndGlobalSection
	GlobalSection(SolutionProperties) = preSolution
		HideSolutionNode = FALSE
	EndGlobalSection
	GlobalSection(ExtensibilityGlobals) = postSolution
		SolutionGuid = {E268330A-D7AB-4668-939E-D42C7C768251}
	EndGlobalSection
EndGlobal
