
Microsoft Visual Studio Solution File, Format Version 12.00
# Visual Studio Version 16
VisualStudioVersion = 16.0.29503.13
MinimumVisualStudioVersion = 10.0.40219.1
Project("{FAE04EC0-301F-11D3-BF4B-00C04F79EFBC}") = "bitarray", "bitarray\bitarray.csproj", "{4F368EC3-D296-4579-8127-6E1E0FFFF00E}"
EndProject
Global
	GlobalSection(SolutionConfigurationPlatforms) = preSolution
		Debug|Any CPU = Debug|Any CPU
		Release|Any CPU = Release|Any CPU
	EndGlobalSection
	GlobalSection(ProjectConfigurationPlatforms) = postSolution
		{4F368EC3-D296-4579-8127-6E1E0FFFF00E}.Debug|Any CPU.ActiveCfg = Debug|Any CPU
		{4F368EC3-D296-4579-8127-6E1E0FFFF00E}.Debug|Any CPU.Build.0 = Debug|Any CPU
		{4F368EC3-D296-4579-8127-6E1E0FFFF00E}.Release|Any CPU.ActiveCfg = Release|Any CPU
		{4F368EC3-D296-4579-8127-6E1E0FFFF00E}.Release|Any CPU.Build.0 = Release|Any CPU
	EndGlobalSection
	GlobalSection(SolutionProperties) = preSolution
		HideSolutionNode = FALSE
	EndGlobalSection
	GlobalSection(ExtensibilityGlobals) = postSolution
		SolutionGuid = {C32D4A4A-5717-4945-925A-52DCBC633A0A}
	EndGlobalSection
EndGlobal
