
Microsoft Visual Studio Solution File, Format Version 12.00
# Visual Studio Version 16
VisualStudioVersion = 16.0.29503.13
MinimumVisualStudioVersion = 10.0.40219.1
Project("{FAE04EC0-301F-11D3-BF4B-00C04F79EFBC}") = "Anonnomous Methods", "Anonnomous Methods.csproj", "{6BD4A51A-7D8B-42B3-9004-CCA01131137E}"
EndProject
Global
	GlobalSection(SolutionConfigurationPlatforms) = preSolution
		Debug|Any CPU = Debug|Any CPU
		Release|Any CPU = Release|Any CPU
	EndGlobalSection
	GlobalSection(ProjectConfigurationPlatforms) = postSolution
		{6BD4A51A-7D8B-42B3-9004-CCA01131137E}.Debug|Any CPU.ActiveCfg = Debug|Any CPU
		{6BD4A51A-7D8B-42B3-9004-CCA01131137E}.Debug|Any CPU.Build.0 = Debug|Any CPU
		{6BD4A51A-7D8B-42B3-9004-CCA01131137E}.Release|Any CPU.ActiveCfg = Release|Any CPU
		{6BD4A51A-7D8B-42B3-9004-CCA01131137E}.Release|Any CPU.Build.0 = Release|Any CPU
	EndGlobalSection
	GlobalSection(SolutionProperties) = preSolution
		HideSolutionNode = FALSE
	EndGlobalSection
	GlobalSection(ExtensibilityGlobals) = postSolution
		SolutionGuid = {74510D09-930D-422B-88E3-013D1FDAD410}
	EndGlobalSection
EndGlobal
