
Microsoft Visual Studio Solution File, Format Version 12.00
# Visual Studio Version 16
VisualStudioVersion = 16.0.30204.135
MinimumVisualStudioVersion = 10.0.40219.1
Project("{FAE04EC0-301F-11D3-BF4B-00C04F79EFBC}") = "Deadlocks and Locks", "Deadlocks and Locks.csproj", "{6A46C73A-4E88-4003-92F0-EF69DADD7C34}"
EndProject
Global
	GlobalSection(SolutionConfigurationPlatforms) = preSolution
		Debug|Any CPU = Debug|Any CPU
		Release|Any CPU = Release|Any CPU
	EndGlobalSection
	GlobalSection(ProjectConfigurationPlatforms) = postSolution
		{6A46C73A-4E88-4003-92F0-EF69DADD7C34}.Debug|Any CPU.ActiveCfg = Debug|Any CPU
		{6A46C73A-4E88-4003-92F0-EF69DADD7C34}.Debug|Any CPU.Build.0 = Debug|Any CPU
		{6A46C73A-4E88-4003-92F0-EF69DADD7C34}.Release|Any CPU.ActiveCfg = Release|Any CPU
		{6A46C73A-4E88-4003-92F0-EF69DADD7C34}.Release|Any CPU.Build.0 = Release|Any CPU
	EndGlobalSection
	GlobalSection(SolutionProperties) = preSolution
		HideSolutionNode = FALSE
	EndGlobalSection
	GlobalSection(ExtensibilityGlobals) = postSolution
		SolutionGuid = {DAEC1698-E0F1-4487-8CD1-26BC9862B431}
	EndGlobalSection
EndGlobal
