
Microsoft Visual Studio Solution File, Format Version 12.00
# Visual Studio Version 16
VisualStudioVersion = 16.0.29503.13
MinimumVisualStudioVersion = 10.0.40219.1
Project("{FAE04EC0-301F-11D3-BF4B-00C04F79EFBC}") = "Generic SortedList", "Generic SortedList\Generic SortedList.csproj", "{4649DCBB-E645-4C82-A7AA-41E8E48A92BA}"
EndProject
Global
	GlobalSection(SolutionConfigurationPlatforms) = preSolution
		Debug|Any CPU = Debug|Any CPU
		Release|Any CPU = Release|Any CPU
	EndGlobalSection
	GlobalSection(ProjectConfigurationPlatforms) = postSolution
		{4649DCBB-E645-4C82-A7AA-41E8E48A92BA}.Debug|Any CPU.ActiveCfg = Debug|Any CPU
		{4649DCBB-E645-4C82-A7AA-41E8E48A92BA}.Debug|Any CPU.Build.0 = Debug|Any CPU
		{4649DCBB-E645-4C82-A7AA-41E8E48A92BA}.Release|Any CPU.ActiveCfg = Release|Any CPU
		{4649DCBB-E645-4C82-A7AA-41E8E48A92BA}.Release|Any CPU.Build.0 = Release|Any CPU
	EndGlobalSection
	GlobalSection(SolutionProperties) = preSolution
		HideSolutionNode = FALSE
	EndGlobalSection
	GlobalSection(ExtensibilityGlobals) = postSolution
		SolutionGuid = {0C608187-4375-4E12-9411-282CA92CD099}
	EndGlobalSection
EndGlobal
