
Microsoft Visual Studio Solution File, Format Version 12.00
# Visual Studio Version 16
VisualStudioVersion = 16.0.29503.13
MinimumVisualStudioVersion = 10.0.40219.1
Project("{FAE04EC0-301F-11D3-BF4B-00C04F79EFBC}") = "Generic Stack", "Generic Stack\Generic Stack.csproj", "{A7E9AA4E-3021-448B-A978-C7A74E64EB14}"
EndProject
Global
	GlobalSection(SolutionConfigurationPlatforms) = preSolution
		Debug|Any CPU = Debug|Any CPU
		Release|Any CPU = Release|Any CPU
	EndGlobalSection
	GlobalSection(ProjectConfigurationPlatforms) = postSolution
		{A7E9AA4E-3021-448B-A978-C7A74E64EB14}.Debug|Any CPU.ActiveCfg = Debug|Any CPU
		{A7E9AA4E-3021-448B-A978-C7A74E64EB14}.Debug|Any CPU.Build.0 = Debug|Any CPU
		{A7E9AA4E-3021-448B-A978-C7A74E64EB14}.Release|Any CPU.ActiveCfg = Release|Any CPU
		{A7E9AA4E-3021-448B-A978-C7A74E64EB14}.Release|Any CPU.Build.0 = Release|Any CPU
	EndGlobalSection
	GlobalSection(SolutionProperties) = preSolution
		HideSolutionNode = FALSE
	EndGlobalSection
	GlobalSection(ExtensibilityGlobals) = postSolution
		SolutionGuid = {4B8A39C2-9C03-48EF-BF76-178B13AA32CC}
	EndGlobalSection
EndGlobal
