
Microsoft Visual Studio Solution File, Format Version 12.00
# Visual Studio Version 16
VisualStudioVersion = 16.0.30225.117
MinimumVisualStudioVersion = 10.0.40219.1
Project("{FAE04EC0-301F-11D3-BF4B-00C04F79EFBC}") = "Concurrent Collections", "Concurrent Collections.csproj", "{59C798C3-96F0-4346-8F49-2F0525924B88}"
EndProject
Global
	GlobalSection(SolutionConfigurationPlatforms) = preSolution
		Debug|Any CPU = Debug|Any CPU
		Release|Any CPU = Release|Any CPU
	EndGlobalSection
	GlobalSection(ProjectConfigurationPlatforms) = postSolution
		{59C798C3-96F0-4346-8F49-2F0525924B88}.Debug|Any CPU.ActiveCfg = Debug|Any CPU
		{59C798C3-96F0-4346-8F49-2F0525924B88}.Debug|Any CPU.Build.0 = Debug|Any CPU
		{59C798C3-96F0-4346-8F49-2F0525924B88}.Release|Any CPU.ActiveCfg = Release|Any CPU
		{59C798C3-96F0-4346-8F49-2F0525924B88}.Release|Any CPU.Build.0 = Release|Any CPU
	EndGlobalSection
	GlobalSection(SolutionProperties) = preSolution
		HideSolutionNode = FALSE
	EndGlobalSection
	GlobalSection(ExtensibilityGlobals) = postSolution
		SolutionGuid = {0DDA2E18-4977-4937-AA93-59421446E77D}
	EndGlobalSection
EndGlobal
