
Microsoft Visual Studio Solution File, Format Version 12.00
# Visual Studio Version 16
VisualStudioVersion = 16.0.30320.27
MinimumVisualStudioVersion = 10.0.40219.1
Project("{FAE04EC0-301F-11D3-BF4B-00C04F79EFBC}") = "IEnumeral and IEnumerator", "IEnumeral and IEnumerator.csproj", "{ABC444AD-E21D-4FED-8763-458D93341D0D}"
EndProject
Global
	GlobalSection(SolutionConfigurationPlatforms) = preSolution
		Debug|Any CPU = Debug|Any CPU
		Release|Any CPU = Release|Any CPU
	EndGlobalSection
	GlobalSection(ProjectConfigurationPlatforms) = postSolution
		{ABC444AD-E21D-4FED-8763-458D93341D0D}.Debug|Any CPU.ActiveCfg = Debug|Any CPU
		{ABC444AD-E21D-4FED-8763-458D93341D0D}.Debug|Any CPU.Build.0 = Debug|Any CPU
		{ABC444AD-E21D-4FED-8763-458D93341D0D}.Release|Any CPU.ActiveCfg = Release|Any CPU
		{ABC444AD-E21D-4FED-8763-458D93341D0D}.Release|Any CPU.Build.0 = Release|Any CPU
	EndGlobalSection
	GlobalSection(SolutionProperties) = preSolution
		HideSolutionNode = FALSE
	EndGlobalSection
	GlobalSection(ExtensibilityGlobals) = postSolution
		SolutionGuid = {C4916AFE-E469-4B7A-B73B-A11E544A12E8}
	EndGlobalSection
EndGlobal
