
Microsoft Visual Studio Solution File, Format Version 12.00
# Visual Studio Version 16
VisualStudioVersion = 16.0.29503.13
MinimumVisualStudioVersion = 10.0.40219.1
Project("{FAE04EC0-301F-11D3-BF4B-00C04F79EFBC}") = "Events", "Events.csproj", "{EFA7A2AE-6F49-4A76-93A3-3A7858F6D8CF}"
EndProject
Global
	GlobalSection(SolutionConfigurationPlatforms) = preSolution
		Debug|Any CPU = Debug|Any CPU
		Release|Any CPU = Release|Any CPU
	EndGlobalSection
	GlobalSection(ProjectConfigurationPlatforms) = postSolution
		{EFA7A2AE-6F49-4A76-93A3-3A7858F6D8CF}.Debug|Any CPU.ActiveCfg = Debug|Any CPU
		{EFA7A2AE-6F49-4A76-93A3-3A7858F6D8CF}.Debug|Any CPU.Build.0 = Debug|Any CPU
		{EFA7A2AE-6F49-4A76-93A3-3A7858F6D8CF}.Release|Any CPU.ActiveCfg = Release|Any CPU
		{EFA7A2AE-6F49-4A76-93A3-3A7858F6D8CF}.Release|Any CPU.Build.0 = Release|Any CPU
	EndGlobalSection
	GlobalSection(SolutionProperties) = preSolution
		HideSolutionNode = FALSE
	EndGlobalSection
	GlobalSection(ExtensibilityGlobals) = postSolution
		SolutionGuid = {753B8615-2E92-4343-9467-2892FD1F8A17}
	EndGlobalSection
EndGlobal
