
Microsoft Visual Studio Solution File, Format Version 12.00
# Visual Studio Version 16
VisualStudioVersion = 16.0.29503.13
MinimumVisualStudioVersion = 10.0.40219.1
Project("{FAE04EC0-301F-11D3-BF4B-00C04F79EFBC}") = "HashTable", "HashTable\HashTable.csproj", "{7FF8B18E-FD74-4FF6-923A-FF64CFB3BB4F}"
EndProject
Global
	GlobalSection(SolutionConfigurationPlatforms) = preSolution
		Debug|Any CPU = Debug|Any CPU
		Release|Any CPU = Release|Any CPU
	EndGlobalSection
	GlobalSection(ProjectConfigurationPlatforms) = postSolution
		{7FF8B18E-FD74-4FF6-923A-FF64CFB3BB4F}.Debug|Any CPU.ActiveCfg = Debug|Any CPU
		{7FF8B18E-FD74-4FF6-923A-FF64CFB3BB4F}.Debug|Any CPU.Build.0 = Debug|Any CPU
		{7FF8B18E-FD74-4FF6-923A-FF64CFB3BB4F}.Release|Any CPU.ActiveCfg = Release|Any CPU
		{7FF8B18E-FD74-4FF6-923A-FF64CFB3BB4F}.Release|Any CPU.Build.0 = Release|Any CPU
	EndGlobalSection
	GlobalSection(SolutionProperties) = preSolution
		HideSolutionNode = FALSE
	EndGlobalSection
	GlobalSection(ExtensibilityGlobals) = postSolution
		SolutionGuid = {1486F176-7F5F-4B8A-AE23-D84FB08AE768}
	EndGlobalSection
EndGlobal
